
Microsoft Visual Studio Solution File, Format Version 12.00
# Visual Studio Version 16
VisualStudioVersion = 16.0.31624.102
MinimumVisualStudioVersion = 10.0.40219.1
Project("{8BC9CEB8-8B4A-11D0-8D11-00A0C91BC942}") = "C64MultiNetLib", "C64MultiNetLib\C64MultiNetLib.vcxproj", "{DCAA4799-1E1A-4F9B-9E18-B29C6702D95A}"
EndProject
Global
	GlobalSection(SolutionConfigurationPlatforms) = preSolution
		Debug|x64 = Debug|x64
		Debug|x86 = Debug|x86
		Release|x64 = Release|x64
		Release|x86 = Release|x86
	EndGlobalSection
	GlobalSection(ProjectConfigurationPlatforms) = postSolution
		{DCAA4799-1E1A-4F9B-9E18-B29C6702D95A}.Debug|x64.ActiveCfg = Debug|x64
		{DCAA4799-1E1A-4F9B-9E18-B29C6702D95A}.Debug|x64.Build.0 = Debug|x64
		{DCAA4799-1E1A-4F9B-9E18-B29C6702D95A}.Debug|x86.ActiveCfg = Debug|Win32
		{DCAA4799-1E1A-4F9B-9E18-B29C6702D95A}.Debug|x86.Build.0 = Debug|Win32
		{DCAA4799-1E1A-4F9B-9E18-B29C6702D95A}.Release|x64.ActiveCfg = Release|x64
		{DCAA4799-1E1A-4F9B-9E18-B29C6702D95A}.Release|x64.Build.0 = Release|x64
		{DCAA4799-1E1A-4F9B-9E18-B29C6702D95A}.Release|x86.ActiveCfg = Release|Win32
		{DCAA4799-1E1A-4F9B-9E18-B29C6702D95A}.Release|x86.Build.0 = Release|Win32
	EndGlobalSection
	GlobalSection(SolutionProperties) = preSolution
		HideSolutionNode = FALSE
	EndGlobalSection
	GlobalSection(ExtensibilityGlobals) = postSolution
		SolutionGuid = {4DCB54FD-BED4-4C69-9F3E-A369919CDC3B}
	EndGlobalSection
EndGlobal
